{
  "name": "zenn",
  "version": "1.0.0",
  "lockfileVersion": 2,
  "requires": true,
  "packages": {
    "": {
      "version": "1.0.0",
      "license": "ISC",
      "dependencies": {
        "zenn-cli": "^0.1.96"
      }
    },
    "node_modules/node_modules/@steelydylan/markdown-it-imsize": {
      "integrity": "sha512-3tfhRLlv8w3GSNzjEx3y1JIyHpCuBhqXN6tILRTR4IhZcrJb6WJJo12jZ/lKiT9VITg9kHHHg6yVsDwO5nnZqw==",
      "extraneous": true
    },
    "node_modules/node_modules/arg": {
      "integrity": "sha512-e0hDa9H2Z9AwFkk2qDlwhoMYE4eToKarchkQHovNdLTCYMHZHeRjI71crOh+dio4K6u1IcwubQqo79Ga4CyAQA==",
      "extraneous": true
    },
    "node_modules/node_modules/argparse": {
      "integrity": "sha512-o5Roy6tNG4SL/FOkCAN6RzjiakZS25RLYFrcMttJqbdd8BWrnA+fGz57iN5Pb06pvBGvl5gQ0B48dJlslXvoTg==",
      "extraneous": true
    },
    "node_modules/node_modules/array-flatten": {
      "integrity": "sha1-ml9pkFGx5wczKPKgCJaLZOopVdI=",
      "extraneous": true
    },
    "node_modules/node_modules/binary-extensions": {
      "integrity": "sha512-jDctJ/IVQbZoJykoeHbhXpOlNBqGNcwXJKJog42E5HDPUwQTSdjCHdihjj0DlnheQ7blbT6dHOafNAiS8ooQKA==",
      "extraneous": true
    },
    "node_modules/zenn-cli": {
      "version": "0.1.141",
      "resolved": "https://registry.npmjs.org/zenn-cli/-/zenn-cli-0.1.141.tgz",
      "integrity": "sha512-33hYqqHZk9nYP24Za56jeFcqXsPkoYno9HDsIjdUjQxzl3/zmRaJEiHJ3qD4IId6qNduY3Vhgq3s6kJuCDVuVQ==",
      "bin": {
        "zenn": "dist/server/zenn.js"
      },
      "engines": {
        "node": ">=14.0.0"
      }
    }
  },
  "dependencies": {
    "zenn-cli": {
      "version": "0.1.141",
      "resolved": "https://registry.npmjs.org/zenn-cli/-/zenn-cli-0.1.141.tgz",
      "integrity": "sha512-33hYqqHZk9nYP24Za56jeFcqXsPkoYno9HDsIjdUjQxzl3/zmRaJEiHJ3qD4IId6qNduY3Vhgq3s6kJuCDVuVQ=="
    }
  }
}
